
Microsoft Visual Studio Solution File, Format Version 12.00
# Visual Studio Version 17
VisualStudioVersion = 17.11.35303.130
MinimumVisualStudioVersion = 10.0.40219.1
Project("{2150E333-8FDC-42A3-9474-1A3956D46DE8}") = "Task0", "Task0", "{EF6CDAD7-2771-4C93-84E2-D35F6D3A9D92}"
EndProject
Project("{9A19103F-16F7-4668-BE54-9A1E7A4F7556}") = "Tyuiu.MohnonogovaPV.Sprint6.Task0.V23.Lib", "Tyuiu.MohnonogovaPV.Sprint6.Task0.V23.Lib\Tyuiu.MohnonogovaPV.Sprint6.Task0.V23.Lib.csproj", "{86F25AFC-6C3E-4E61-9AD4-31F43F4B0B69}"
EndProject
Project("{9A19103F-16F7-4668-BE54-9A1E7A4F7556}") = "Tyuiu.MohnonogovaPV.Sprint6.Task0.V23.Test", "Tyuiu.MohnonogovaPV.Sprint6.Task0.V23.Test\Tyuiu.MohnonogovaPV.Sprint6.Task0.V23.Test.csproj", "{8FD28EDB-A532-436B-8F1A-946547154AF2}"
EndProject
Project("{9A19103F-16F7-4668-BE54-9A1E7A4F7556}") = "Tyuiu.MohnonogovaPV.Sprint6.Task0.V23", "Tyuiu.MohnonogovaPV.Sprint6.Task0.V23\Tyuiu.MohnonogovaPV.Sprint6.Task0.V23.csproj", "{5908CA8C-9664-43AC-B4FF-1678EAD9C6BB}"
EndProject
Project("{2150E333-8FDC-42A3-9474-1A3956D46DE8}") = "Task1", "Task1", "{0806CA18-597E-4A46-8A71-A96A371F9570}"
EndProject
Project("{9A19103F-16F7-4668-BE54-9A1E7A4F7556}") = "Tyuiu.MohnonogovaPV.Sprint6.Task1.V19.Lib", "Tyuiu.MohnonogovaPV.Sprint6.Task1.V19.Lib\Tyuiu.MohnonogovaPV.Sprint6.Task1.V19.Lib.csproj", "{3B3365D2-507D-4C76-8BF4-BA67CCD50651}"
EndProject
Project("{9A19103F-16F7-4668-BE54-9A1E7A4F7556}") = "Tyuiu.MohnonogovaPV.Sprint6.Task1.V19.Test", "Tyuiu.MohnonogovaPV.Sprint6.Task1.V19.Test\Tyuiu.MohnonogovaPV.Sprint6.Task1.V19.Test.csproj", "{C1422681-8C60-44BE-B4CB-4F300576CA13}"
EndProject
Project("{9A19103F-16F7-4668-BE54-9A1E7A4F7556}") = "Tyuiu.MohnonogovaPV.Sprint6.Task1.V19", "Tyuiu.MohnonogovaPV.Sprint6.Task1.V19\Tyuiu.MohnonogovaPV.Sprint6.Task1.V19.csproj", "{79FD3656-376D-465E-8E2A-87B3497CF3B9}"
EndProject
Project("{2150E333-8FDC-42A3-9474-1A3956D46DE8}") = "Task2", "Task2", "{BAA653EF-0C43-4FC7-A2E7-BDA64CC7559B}"
EndProject
Project("{9A19103F-16F7-4668-BE54-9A1E7A4F7556}") = "Tyuiu.MohnonogovaPV.Sprint6.Task2.V30.Lib", "Tyuiu.MohnonogovaPV.Sprint6.Task2.V30.Lib\Tyuiu.MohnonogovaPV.Sprint6.Task2.V30.Lib.csproj", "{99FEB1A6-FC98-41ED-9605-04694033610D}"
EndProject
Project("{9A19103F-16F7-4668-BE54-9A1E7A4F7556}") = "Tyuiu.MohnonogovaPV.Sprint6.Task2.V30.Test", "Tyuiu.MohnonogovaPV.Sprint6.Task2.V30.Test\Tyuiu.MohnonogovaPV.Sprint6.Task2.V30.Test.csproj", "{B5BF7288-1243-4206-B66C-073CCBA8BF6A}"
EndProject
Project("{FAE04EC0-301F-11D3-BF4B-00C04F79EFBC}") = "Tyuiu.MohnonogovaPV.Sprint6.Task2.V30", "Tyuiu.MohnonogovaPV.Sprint6.Task2.V30\Tyuiu.MohnonogovaPV.Sprint6.Task2.V30.csproj", "{B0A5FB4F-4D71-4BFD-8AC3-106DC37A2689}"
EndProject
Project("{2150E333-8FDC-42A3-9474-1A3956D46DE8}") = "Task3", "Task3", "{FE67FB1E-21DA-44DD-9773-51E5D2917083}"
EndProject
Project("{FAE04EC0-301F-11D3-BF4B-00C04F79EFBC}") = "Tyuiu.MohnonogovaPV.Sprint6.Task3.V21.Lib", "Tyuiu.MohnonogovaPV.Sprint6.Task3.V21.Lib\Tyuiu.MohnonogovaPV.Sprint6.Task3.V21.Lib.csproj", "{7733BF6F-73C8-440E-BD7C-67ED6640CC53}"
EndProject
Project("{FAE04EC0-301F-11D3-BF4B-00C04F79EFBC}") = "Tyuiu.MohnonogovaPV.Sprint6.Task3.V21.Test", "Tyuiu.MohnonogovaPV.Sprint6.Task3.V21.Test\Tyuiu.MohnonogovaPV.Sprint6.Task3.V21.Test.csproj", "{F034E0CA-94A1-4F94-B839-BCF5B352AFF2}"
EndProject
Project("{FAE04EC0-301F-11D3-BF4B-00C04F79EFBC}") = "Tyuiu.MohnonogovaPV.Sprint6.Task3.V21", "Tyuiu.MohnonogovaPV.Sprint6.Task3.V21\Tyuiu.MohnonogovaPV.Sprint6.Task3.V21.csproj", "{1CE7054B-D59D-435F-84CA-45C2EADEDFBD}"
EndProject
Project("{2150E333-8FDC-42A3-9474-1A3956D46DE8}") = "Task4", "Task4", "{BA9850DA-7F90-423D-AFC2-BD2051FA5F59}"
EndProject
Project("{FAE04EC0-301F-11D3-BF4B-00C04F79EFBC}") = "Tyuiu.MohnonogovaPV.Sprint6.Task4.V5.Lib", "Tyuiu.MohnonogovaPV.Sprint6.Task4.V5.Lib\Tyuiu.MohnonogovaPV.Sprint6.Task4.V5.Lib.csproj", "{0124E515-1DAA-4B3C-9D45-18908EA5C3F3}"
EndProject
Project("{FAE04EC0-301F-11D3-BF4B-00C04F79EFBC}") = "Tyuiu.MohnonogovaPV.Sprint6.Task4.V5.Test", "Tyuiu.MohnonogovaPV.Sprint6.Task4.V5.Test\Tyuiu.MohnonogovaPV.Sprint6.Task4.V5.Test.csproj", "{D0D9B00D-2F12-4976-B09C-F232212D2F3B}"
EndProject
Project("{FAE04EC0-301F-11D3-BF4B-00C04F79EFBC}") = "Tyuiu.MohnonogovaPV.Sprint6.Task4.V5", "Tyuiu.MohnonogovaPV.Sprint6.Task4.V5\Tyuiu.MohnonogovaPV.Sprint6.Task4.V5.csproj", "{37DA7564-BE3B-4978-9823-518B6F916A4B}"
EndProject
Project("{2150E333-8FDC-42A3-9474-1A3956D46DE8}") = "Task5", "Task5", "{A9C10CA6-67A6-4708-B03C-B0720A91DF36}"
EndProject
Project("{FAE04EC0-301F-11D3-BF4B-00C04F79EFBC}") = "Tyuiu.MohnonogovaPV.Sprint6.Task5.V6.Lib", "Tyuiu.MohnonogovaPV.Sprint6.Task5.V6.Lib\Tyuiu.MohnonogovaPV.Sprint6.Task5.V6.Lib.csproj", "{7BBB90F9-CFEA-4EBC-8EEE-2C1EE1B1EFB1}"
EndProject
Project("{FAE04EC0-301F-11D3-BF4B-00C04F79EFBC}") = "Tyuiu.MohnonogovaPV.Sprint6.Task5.V6.Test", "Tyuiu.MohnonogovaPV.Sprint6.Task5.V6.Test\Tyuiu.MohnonogovaPV.Sprint6.Task5.V6.Test.csproj", "{6608E922-AC72-49BC-A661-2F80E59F7BBE}"
EndProject
Project("{FAE04EC0-301F-11D3-BF4B-00C04F79EFBC}") = "Tyuiu.MohnonogovaPV.Sprint6.Task5.V6", "Tyuiu.MohnonogovaPV.Sprint6.Task5.V6\Tyuiu.MohnonogovaPV.Sprint6.Task5.V6.csproj", "{C307E69F-ABDC-4902-9DAD-EC3EC6359868}"
EndProject
Global
	GlobalSection(SolutionConfigurationPlatforms) = preSolution
		Debug|Any CPU = Debug|Any CPU
		Release|Any CPU = Release|Any CPU
	EndGlobalSection
	GlobalSection(ProjectConfigurationPlatforms) = postSolution
		{86F25AFC-6C3E-4E61-9AD4-31F43F4B0B69}.Debug|Any CPU.ActiveCfg = Debug|Any CPU
		{86F25AFC-6C3E-4E61-9AD4-31F43F4B0B69}.Debug|Any CPU.Build.0 = Debug|Any CPU
		{86F25AFC-6C3E-4E61-9AD4-31F43F4B0B69}.Release|Any CPU.ActiveCfg = Release|Any CPU
		{86F25AFC-6C3E-4E61-9AD4-31F43F4B0B69}.Release|Any CPU.Build.0 = Release|Any CPU
		{8FD28EDB-A532-436B-8F1A-946547154AF2}.Debug|Any CPU.ActiveCfg = Debug|Any CPU
		{8FD28EDB-A532-436B-8F1A-946547154AF2}.Debug|Any CPU.Build.0 = Debug|Any CPU
		{8FD28EDB-A532-436B-8F1A-946547154AF2}.Release|Any CPU.ActiveCfg = Release|Any CPU
		{8FD28EDB-A532-436B-8F1A-946547154AF2}.Release|Any CPU.Build.0 = Release|Any CPU
		{5908CA8C-9664-43AC-B4FF-1678EAD9C6BB}.Debug|Any CPU.ActiveCfg = Debug|Any CPU
		{5908CA8C-9664-43AC-B4FF-1678EAD9C6BB}.Debug|Any CPU.Build.0 = Debug|Any CPU
		{5908CA8C-9664-43AC-B4FF-1678EAD9C6BB}.Release|Any CPU.ActiveCfg = Release|Any CPU
		{5908CA8C-9664-43AC-B4FF-1678EAD9C6BB}.Release|Any CPU.Build.0 = Release|Any CPU
		{3B3365D2-507D-4C76-8BF4-BA67CCD50651}.Debug|Any CPU.ActiveCfg = Debug|Any CPU
		{3B3365D2-507D-4C76-8BF4-BA67CCD50651}.Debug|Any CPU.Build.0 = Debug|Any CPU
		{3B3365D2-507D-4C76-8BF4-BA67CCD50651}.Release|Any CPU.ActiveCfg = Release|Any CPU
		{3B3365D2-507D-4C76-8BF4-BA67CCD50651}.Release|Any CPU.Build.0 = Release|Any CPU
		{C1422681-8C60-44BE-B4CB-4F300576CA13}.Debug|Any CPU.ActiveCfg = Debug|Any CPU
		{C1422681-8C60-44BE-B4CB-4F300576CA13}.Debug|Any CPU.Build.0 = Debug|Any CPU
		{C1422681-8C60-44BE-B4CB-4F300576CA13}.Release|Any CPU.ActiveCfg = Release|Any CPU
		{C1422681-8C60-44BE-B4CB-4F300576CA13}.Release|Any CPU.Build.0 = Release|Any CPU
		{79FD3656-376D-465E-8E2A-87B3497CF3B9}.Debug|Any CPU.ActiveCfg = Debug|Any CPU
		{79FD3656-376D-465E-8E2A-87B3497CF3B9}.Debug|Any CPU.Build.0 = Debug|Any CPU
		{79FD3656-376D-465E-8E2A-87B3497CF3B9}.Release|Any CPU.ActiveCfg = Release|Any CPU
		{79FD3656-376D-465E-8E2A-87B3497CF3B9}.Release|Any CPU.Build.0 = Release|Any CPU
		{99FEB1A6-FC98-41ED-9605-04694033610D}.Debug|Any CPU.ActiveCfg = Debug|Any CPU
		{99FEB1A6-FC98-41ED-9605-04694033610D}.Debug|Any CPU.Build.0 = Debug|Any CPU
		{99FEB1A6-FC98-41ED-9605-04694033610D}.Release|Any CPU.ActiveCfg = Release|Any CPU
		{99FEB1A6-FC98-41ED-9605-04694033610D}.Release|Any CPU.Build.0 = Release|Any CPU
		{B5BF7288-1243-4206-B66C-073CCBA8BF6A}.Debug|Any CPU.ActiveCfg = Debug|Any CPU
		{B5BF7288-1243-4206-B66C-073CCBA8BF6A}.Debug|Any CPU.Build.0 = Debug|Any CPU
		{B5BF7288-1243-4206-B66C-073CCBA8BF6A}.Release|Any CPU.ActiveCfg = Release|Any CPU
		{B5BF7288-1243-4206-B66C-073CCBA8BF6A}.Release|Any CPU.Build.0 = Release|Any CPU
		{B0A5FB4F-4D71-4BFD-8AC3-106DC37A2689}.Debug|Any CPU.ActiveCfg = Debug|Any CPU
		{B0A5FB4F-4D71-4BFD-8AC3-106DC37A2689}.Debug|Any CPU.Build.0 = Debug|Any CPU
		{B0A5FB4F-4D71-4BFD-8AC3-106DC37A2689}.Release|Any CPU.ActiveCfg = Release|Any CPU
		{B0A5FB4F-4D71-4BFD-8AC3-106DC37A2689}.Release|Any CPU.Build.0 = Release|Any CPU
		{7733BF6F-73C8-440E-BD7C-67ED6640CC53}.Debug|Any CPU.ActiveCfg = Debug|Any CPU
		{7733BF6F-73C8-440E-BD7C-67ED6640CC53}.Debug|Any CPU.Build.0 = Debug|Any CPU
		{7733BF6F-73C8-440E-BD7C-67ED6640CC53}.Release|Any CPU.ActiveCfg = Release|Any CPU
		{7733BF6F-73C8-440E-BD7C-67ED6640CC53}.Release|Any CPU.Build.0 = Release|Any CPU
		{F034E0CA-94A1-4F94-B839-BCF5B352AFF2}.Debug|Any CPU.ActiveCfg = Debug|Any CPU
		{F034E0CA-94A1-4F94-B839-BCF5B352AFF2}.Debug|Any CPU.Build.0 = Debug|Any CPU
		{F034E0CA-94A1-4F94-B839-BCF5B352AFF2}.Release|Any CPU.ActiveCfg = Release|Any CPU
		{F034E0CA-94A1-4F94-B839-BCF5B352AFF2}.Release|Any CPU.Build.0 = Release|Any CPU
		{1CE7054B-D59D-435F-84CA-45C2EADEDFBD}.Debug|Any CPU.ActiveCfg = Debug|Any CPU
		{1CE7054B-D59D-435F-84CA-45C2EADEDFBD}.Debug|Any CPU.Build.0 = Debug|Any CPU
		{1CE7054B-D59D-435F-84CA-45C2EADEDFBD}.Release|Any CPU.ActiveCfg = Release|Any CPU
		{1CE7054B-D59D-435F-84CA-45C2EADEDFBD}.Release|Any CPU.Build.0 = Release|Any CPU
		{0124E515-1DAA-4B3C-9D45-18908EA5C3F3}.Debug|Any CPU.ActiveCfg = Debug|Any CPU
		{0124E515-1DAA-4B3C-9D45-18908EA5C3F3}.Debug|Any CPU.Build.0 = Debug|Any CPU
		{0124E515-1DAA-4B3C-9D45-18908EA5C3F3}.Release|Any CPU.ActiveCfg = Release|Any CPU
		{0124E515-1DAA-4B3C-9D45-18908EA5C3F3}.Release|Any CPU.Build.0 = Release|Any CPU
		{D0D9B00D-2F12-4976-B09C-F232212D2F3B}.Debug|Any CPU.ActiveCfg = Debug|Any CPU
		{D0D9B00D-2F12-4976-B09C-F232212D2F3B}.Debug|Any CPU.Build.0 = Debug|Any CPU
		{D0D9B00D-2F12-4976-B09C-F232212D2F3B}.Release|Any CPU.ActiveCfg = Release|Any CPU
		{D0D9B00D-2F12-4976-B09C-F232212D2F3B}.Release|Any CPU.Build.0 = Release|Any CPU
		{37DA7564-BE3B-4978-9823-518B6F916A4B}.Debug|Any CPU.ActiveCfg = Debug|Any CPU
		{37DA7564-BE3B-4978-9823-518B6F916A4B}.Debug|Any CPU.Build.0 = Debug|Any CPU
		{37DA7564-BE3B-4978-9823-518B6F916A4B}.Release|Any CPU.ActiveCfg = Release|Any CPU
		{37DA7564-BE3B-4978-9823-518B6F916A4B}.Release|Any CPU.Build.0 = Release|Any CPU
		{7BBB90F9-CFEA-4EBC-8EEE-2C1EE1B1EFB1}.Debug|Any CPU.ActiveCfg = Debug|Any CPU
		{7BBB90F9-CFEA-4EBC-8EEE-2C1EE1B1EFB1}.Debug|Any CPU.Build.0 = Debug|Any CPU
		{7BBB90F9-CFEA-4EBC-8EEE-2C1EE1B1EFB1}.Release|Any CPU.ActiveCfg = Release|Any CPU
		{7BBB90F9-CFEA-4EBC-8EEE-2C1EE1B1EFB1}.Release|Any CPU.Build.0 = Release|Any CPU
		{6608E922-AC72-49BC-A661-2F80E59F7BBE}.Debug|Any CPU.ActiveCfg = Debug|Any CPU
		{6608E922-AC72-49BC-A661-2F80E59F7BBE}.Debug|Any CPU.Build.0 = Debug|Any CPU
		{6608E922-AC72-49BC-A661-2F80E59F7BBE}.Release|Any CPU.ActiveCfg = Release|Any CPU
		{6608E922-AC72-49BC-A661-2F80E59F7BBE}.Release|Any CPU.Build.0 = Release|Any CPU
		{C307E69F-ABDC-4902-9DAD-EC3EC6359868}.Debug|Any CPU.ActiveCfg = Debug|Any CPU
		{C307E69F-ABDC-4902-9DAD-EC3EC6359868}.Debug|Any CPU.Build.0 = Debug|Any CPU
		{C307E69F-ABDC-4902-9DAD-EC3EC6359868}.Release|Any CPU.ActiveCfg = Release|Any CPU
		{C307E69F-ABDC-4902-9DAD-EC3EC6359868}.Release|Any CPU.Build.0 = Release|Any CPU
	EndGlobalSection
	GlobalSection(SolutionProperties) = preSolution
		HideSolutionNode = FALSE
	EndGlobalSection
	GlobalSection(NestedProjects) = preSolution
		{86F25AFC-6C3E-4E61-9AD4-31F43F4B0B69} = {EF6CDAD7-2771-4C93-84E2-D35F6D3A9D92}
		{8FD28EDB-A532-436B-8F1A-946547154AF2} = {EF6CDAD7-2771-4C93-84E2-D35F6D3A9D92}
		{5908CA8C-9664-43AC-B4FF-1678EAD9C6BB} = {EF6CDAD7-2771-4C93-84E2-D35F6D3A9D92}
		{3B3365D2-507D-4C76-8BF4-BA67CCD50651} = {0806CA18-597E-4A46-8A71-A96A371F9570}
		{C1422681-8C60-44BE-B4CB-4F300576CA13} = {0806CA18-597E-4A46-8A71-A96A371F9570}
		{79FD3656-376D-465E-8E2A-87B3497CF3B9} = {0806CA18-597E-4A46-8A71-A96A371F9570}
		{99FEB1A6-FC98-41ED-9605-04694033610D} = {BAA653EF-0C43-4FC7-A2E7-BDA64CC7559B}
		{B5BF7288-1243-4206-B66C-073CCBA8BF6A} = {BAA653EF-0C43-4FC7-A2E7-BDA64CC7559B}
		{B0A5FB4F-4D71-4BFD-8AC3-106DC37A2689} = {BAA653EF-0C43-4FC7-A2E7-BDA64CC7559B}
		{7733BF6F-73C8-440E-BD7C-67ED6640CC53} = {FE67FB1E-21DA-44DD-9773-51E5D2917083}
		{F034E0CA-94A1-4F94-B839-BCF5B352AFF2} = {FE67FB1E-21DA-44DD-9773-51E5D2917083}
		{1CE7054B-D59D-435F-84CA-45C2EADEDFBD} = {FE67FB1E-21DA-44DD-9773-51E5D2917083}
		{0124E515-1DAA-4B3C-9D45-18908EA5C3F3} = {BA9850DA-7F90-423D-AFC2-BD2051FA5F59}
		{D0D9B00D-2F12-4976-B09C-F232212D2F3B} = {BA9850DA-7F90-423D-AFC2-BD2051FA5F59}
		{37DA7564-BE3B-4978-9823-518B6F916A4B} = {BA9850DA-7F90-423D-AFC2-BD2051FA5F59}
		{7BBB90F9-CFEA-4EBC-8EEE-2C1EE1B1EFB1} = {A9C10CA6-67A6-4708-B03C-B0720A91DF36}
		{6608E922-AC72-49BC-A661-2F80E59F7BBE} = {A9C10CA6-67A6-4708-B03C-B0720A91DF36}
		{C307E69F-ABDC-4902-9DAD-EC3EC6359868} = {A9C10CA6-67A6-4708-B03C-B0720A91DF36}
	EndGlobalSection
	GlobalSection(ExtensibilityGlobals) = postSolution
		SolutionGuid = {969B09A2-7B2B-4B17-BDFB-AE2CE4EC6ECD}
	EndGlobalSection
EndGlobal
